
Microsoft Visual Studio Solution File, Format Version 12.00
# Visual Studio Version 17
VisualStudioVersion = 17.9.34728.123
MinimumVisualStudioVersion = 10.0.40219.1
Project("{FAE04EC0-301F-11D3-BF4B-00C04F79EFBC}") = "ABCResturant", "ABCResturant.csproj", "{353A2D4E-0C88-4468-9EB4-891A59828D7B}"
EndProject
Global
	GlobalSection(SolutionConfigurationPlatforms) = preSolution
		Debug|Any CPU = Debug|Any CPU
		Release|Any CPU = Release|Any CPU
	EndGlobalSection
	GlobalSection(ProjectConfigurationPlatforms) = postSolution
		{353A2D4E-0C88-4468-9EB4-891A59828D7B}.Debug|Any CPU.ActiveCfg = Debug|Any CPU
		{353A2D4E-0C88-4468-9EB4-891A59828D7B}.Debug|Any CPU.Build.0 = Debug|Any CPU
		{353A2D4E-0C88-4468-9EB4-891A59828D7B}.Release|Any CPU.ActiveCfg = Release|Any CPU
		{353A2D4E-0C88-4468-9EB4-891A59828D7B}.Release|Any CPU.Build.0 = Release|Any CPU
	EndGlobalSection
	GlobalSection(SolutionProperties) = preSolution
		HideSolutionNode = FALSE
	EndGlobalSection
	GlobalSection(ExtensibilityGlobals) = postSolution
		SolutionGuid = {C59B7B10-BCFD-4EF2-93CE-DB61B495156B}
	EndGlobalSection
EndGlobal
